
Microsoft Visual Studio Solution File, Format Version 12.00
# Visual Studio 15
VisualStudioVersion = 15.0.27703.2042
MinimumVisualStudioVersion = 10.0.40219.1
Project("{FAE04EC0-301F-11D3-BF4B-00C04F79EFBC}") = "LevenshteinAlgorithm", "LevenshteinAlgorithm\LevenshteinAlgorithm.csproj", "{0679C642-C3BB-46BF-AB32-DFBC72D4FCC4}"
EndProject
Global
	GlobalSection(SolutionConfigurationPlatforms) = preSolution
		Debug|Any CPU = Debug|Any CPU
		Release|Any CPU = Release|Any CPU
	EndGlobalSection
	GlobalSection(ProjectConfigurationPlatforms) = postSolution
		{0679C642-C3BB-46BF-AB32-DFBC72D4FCC4}.Debug|Any CPU.ActiveCfg = Debug|Any CPU
		{0679C642-C3BB-46BF-AB32-DFBC72D4FCC4}.Debug|Any CPU.Build.0 = Debug|Any CPU
		{0679C642-C3BB-46BF-AB32-DFBC72D4FCC4}.Release|Any CPU.ActiveCfg = Release|Any CPU
		{0679C642-C3BB-46BF-AB32-DFBC72D4FCC4}.Release|Any CPU.Build.0 = Release|Any CPU
	EndGlobalSection
	GlobalSection(SolutionProperties) = preSolution
		HideSolutionNode = FALSE
	EndGlobalSection
	GlobalSection(ExtensibilityGlobals) = postSolution
		SolutionGuid = {DA01CC61-3072-456E-A96C-7DF9CF7D4454}
	EndGlobalSection
EndGlobal
